
Microsoft Visual Studio Solution File, Format Version 12.00
# Visual Studio Version 17
VisualStudioVersion = 17.9.34616.47
MinimumVisualStudioVersion = 10.0.40219.1
Project("{2150E333-8FDC-42A3-9474-1A3956D46DE8}") = "Domain", "Domain", "{C7671538-88CB-46EF-AB09-B44CD32B22CA}"
EndProject
Project("{2150E333-8FDC-42A3-9474-1A3956D46DE8}") = "Application", "Application", "{2BA917FE-C291-4069-8E9E-B72452826EF0}"
EndProject
Project("{9A19103F-16F7-4668-BE54-9A1E7A4F7556}") = "Services.Implementations", "Application\Services.Implementations\Services.Implementations.csproj", "{EF14C844-CEF8-4434-8E05-A43D71C78F39}"
EndProject
Project("{9A19103F-16F7-4668-BE54-9A1E7A4F7556}") = "Services.Contracts", "Application\Services.Contracts\Services.Contracts.csproj", "{0CDF3FA0-9C9A-4FBF-925E-A1EFF01A8C3B}"
EndProject
Project("{2150E333-8FDC-42A3-9474-1A3956D46DE8}") = "Common", "Common", "{352817C6-F7A1-4F43-8647-2CE8372B7595}"
EndProject
Project("{2150E333-8FDC-42A3-9474-1A3956D46DE8}") = "WebApi", "WebApi", "{35C77D9A-A40C-4B63-A996-B5684FE50E01}"
EndProject
Project("{9A19103F-16F7-4668-BE54-9A1E7A4F7556}") = "WebApiAuthenticate", "WebApi\WebApiAuthenticate\WebApiAuthenticate.csproj", "{BDFA4EBC-150D-4771-B13E-F287CFAD9E50}"
EndProject
Project("{2150E333-8FDC-42A3-9474-1A3956D46DE8}") = "Infrastructure", "Infrastructure", "{46395E52-BFA9-4494-8EA0-91FF5217EBC9}"
EndProject
Project("{9A19103F-16F7-4668-BE54-9A1E7A4F7556}") = "Repositories.Implementations", "Infrastructure\Repositories.Implementations\Repositories.Implementations.csproj", "{A907177C-5A49-4DAD-AA31-0D75C582A919}"
EndProject
Project("{9A19103F-16F7-4668-BE54-9A1E7A4F7556}") = "EntityFramework", "Infrastructure\EntityFramework\EntityFramework.csproj", "{ACB9FF5D-29A9-4706-B310-2FE8669DC6BE}"
EndProject
Project("{9A19103F-16F7-4668-BE54-9A1E7A4F7556}") = "PasswordHasher", "Infrastructure\PasswordHasher\PasswordHasher.csproj", "{B5B45935-C903-4088-8C08-69E34DBCBF7A}"
EndProject
Project("{9A19103F-16F7-4668-BE54-9A1E7A4F7556}") = "Repositories.Abstractions", "Application\Repositories.Abstractions\Repositories.Abstractions.csproj", "{99DB762D-85B4-48AA-84A0-37AB2B569519}"
EndProject
Project("{9A19103F-16F7-4668-BE54-9A1E7A4F7556}") = "Services.Abstractions", "Application\Services.Abstractions\Services.Abstractions.csproj", "{E1A1536C-DABA-4746-91A9-5D491907C61B}"
EndProject
Project("{9A19103F-16F7-4668-BE54-9A1E7A4F7556}") = "Domain.Entities", "Domain\Domain.Entities\Domain.Entities.csproj", "{21CBD7ED-A485-4834-9359-9226BEB4AA28}"
EndProject
Project("{9A19103F-16F7-4668-BE54-9A1E7A4F7556}") = "Domain.ValueObjects", "Domain\Domain.ValueObjects\Domain.ValueObjects.csproj", "{C8A9A871-692D-4981-8C4E-16AA43494F92}"
EndProject
Project("{9A19103F-16F7-4668-BE54-9A1E7A4F7556}") = "Common.Helpers", "Common\Common.Resources\Common.Helpers.csproj", "{D4AA3864-5C42-49E0-8960-AA66847EFC71}"
EndProject
Project("{9A19103F-16F7-4668-BE54-9A1E7A4F7556}") = "Domain.Helpers", "Domain\Domain.Helpers\Domain.Helpers.csproj", "{7051BA39-6118-4E33-B59A-B48D85D9C2D1}"
EndProject
Project("{FAE04EC0-301F-11D3-BF4B-00C04F79EFBC}") = "AsyncDataServices", "Infrastructure\MessageBusClient\AsyncDataServices.csproj", "{B61FBCB4-CB5E-42E6-AEB8-FE71394AF49E}"
EndProject
Project("{2150E333-8FDC-42A3-9474-1A3956D46DE8}") = "TestConsumer", "TestConsumer", "{93358A1E-D5AF-4B73-9358-4998864332F6}"
EndProject
Project("{FAE04EC0-301F-11D3-BF4B-00C04F79EFBC}") = "TestConsumer", "TestConsumer\TestConsumer.csproj", "{3CB10AEF-16B1-49B3-968A-F64E6DE614F1}"
EndProject
Global
	GlobalSection(SolutionConfigurationPlatforms) = preSolution
		Debug|Any CPU = Debug|Any CPU
		Release|Any CPU = Release|Any CPU
	EndGlobalSection
	GlobalSection(ProjectConfigurationPlatforms) = postSolution
		{EF14C844-CEF8-4434-8E05-A43D71C78F39}.Debug|Any CPU.ActiveCfg = Debug|Any CPU
		{EF14C844-CEF8-4434-8E05-A43D71C78F39}.Debug|Any CPU.Build.0 = Debug|Any CPU
		{EF14C844-CEF8-4434-8E05-A43D71C78F39}.Release|Any CPU.ActiveCfg = Release|Any CPU
		{EF14C844-CEF8-4434-8E05-A43D71C78F39}.Release|Any CPU.Build.0 = Release|Any CPU
		{0CDF3FA0-9C9A-4FBF-925E-A1EFF01A8C3B}.Debug|Any CPU.ActiveCfg = Debug|Any CPU
		{0CDF3FA0-9C9A-4FBF-925E-A1EFF01A8C3B}.Debug|Any CPU.Build.0 = Debug|Any CPU
		{0CDF3FA0-9C9A-4FBF-925E-A1EFF01A8C3B}.Release|Any CPU.ActiveCfg = Release|Any CPU
		{0CDF3FA0-9C9A-4FBF-925E-A1EFF01A8C3B}.Release|Any CPU.Build.0 = Release|Any CPU
		{BDFA4EBC-150D-4771-B13E-F287CFAD9E50}.Debug|Any CPU.ActiveCfg = Debug|Any CPU
		{BDFA4EBC-150D-4771-B13E-F287CFAD9E50}.Debug|Any CPU.Build.0 = Debug|Any CPU
		{BDFA4EBC-150D-4771-B13E-F287CFAD9E50}.Release|Any CPU.ActiveCfg = Release|Any CPU
		{BDFA4EBC-150D-4771-B13E-F287CFAD9E50}.Release|Any CPU.Build.0 = Release|Any CPU
		{A907177C-5A49-4DAD-AA31-0D75C582A919}.Debug|Any CPU.ActiveCfg = Debug|Any CPU
		{A907177C-5A49-4DAD-AA31-0D75C582A919}.Debug|Any CPU.Build.0 = Debug|Any CPU
		{A907177C-5A49-4DAD-AA31-0D75C582A919}.Release|Any CPU.ActiveCfg = Release|Any CPU
		{A907177C-5A49-4DAD-AA31-0D75C582A919}.Release|Any CPU.Build.0 = Release|Any CPU
		{ACB9FF5D-29A9-4706-B310-2FE8669DC6BE}.Debug|Any CPU.ActiveCfg = Debug|Any CPU
		{ACB9FF5D-29A9-4706-B310-2FE8669DC6BE}.Debug|Any CPU.Build.0 = Debug|Any CPU
		{ACB9FF5D-29A9-4706-B310-2FE8669DC6BE}.Release|Any CPU.ActiveCfg = Release|Any CPU
		{ACB9FF5D-29A9-4706-B310-2FE8669DC6BE}.Release|Any CPU.Build.0 = Release|Any CPU
		{B5B45935-C903-4088-8C08-69E34DBCBF7A}.Debug|Any CPU.ActiveCfg = Debug|Any CPU
		{B5B45935-C903-4088-8C08-69E34DBCBF7A}.Debug|Any CPU.Build.0 = Debug|Any CPU
		{B5B45935-C903-4088-8C08-69E34DBCBF7A}.Release|Any CPU.ActiveCfg = Release|Any CPU
		{B5B45935-C903-4088-8C08-69E34DBCBF7A}.Release|Any CPU.Build.0 = Release|Any CPU
		{99DB762D-85B4-48AA-84A0-37AB2B569519}.Debug|Any CPU.ActiveCfg = Debug|Any CPU
		{99DB762D-85B4-48AA-84A0-37AB2B569519}.Debug|Any CPU.Build.0 = Debug|Any CPU
		{99DB762D-85B4-48AA-84A0-37AB2B569519}.Release|Any CPU.ActiveCfg = Release|Any CPU
		{99DB762D-85B4-48AA-84A0-37AB2B569519}.Release|Any CPU.Build.0 = Release|Any CPU
		{E1A1536C-DABA-4746-91A9-5D491907C61B}.Debug|Any CPU.ActiveCfg = Debug|Any CPU
		{E1A1536C-DABA-4746-91A9-5D491907C61B}.Debug|Any CPU.Build.0 = Debug|Any CPU
		{E1A1536C-DABA-4746-91A9-5D491907C61B}.Release|Any CPU.ActiveCfg = Release|Any CPU
		{E1A1536C-DABA-4746-91A9-5D491907C61B}.Release|Any CPU.Build.0 = Release|Any CPU
		{21CBD7ED-A485-4834-9359-9226BEB4AA28}.Debug|Any CPU.ActiveCfg = Debug|Any CPU
		{21CBD7ED-A485-4834-9359-9226BEB4AA28}.Debug|Any CPU.Build.0 = Debug|Any CPU
		{21CBD7ED-A485-4834-9359-9226BEB4AA28}.Release|Any CPU.ActiveCfg = Release|Any CPU
		{21CBD7ED-A485-4834-9359-9226BEB4AA28}.Release|Any CPU.Build.0 = Release|Any CPU
		{C8A9A871-692D-4981-8C4E-16AA43494F92}.Debug|Any CPU.ActiveCfg = Debug|Any CPU
		{C8A9A871-692D-4981-8C4E-16AA43494F92}.Debug|Any CPU.Build.0 = Debug|Any CPU
		{C8A9A871-692D-4981-8C4E-16AA43494F92}.Release|Any CPU.ActiveCfg = Release|Any CPU
		{C8A9A871-692D-4981-8C4E-16AA43494F92}.Release|Any CPU.Build.0 = Release|Any CPU
		{D4AA3864-5C42-49E0-8960-AA66847EFC71}.Debug|Any CPU.ActiveCfg = Debug|Any CPU
		{D4AA3864-5C42-49E0-8960-AA66847EFC71}.Debug|Any CPU.Build.0 = Debug|Any CPU
		{D4AA3864-5C42-49E0-8960-AA66847EFC71}.Release|Any CPU.ActiveCfg = Release|Any CPU
		{D4AA3864-5C42-49E0-8960-AA66847EFC71}.Release|Any CPU.Build.0 = Release|Any CPU
		{7051BA39-6118-4E33-B59A-B48D85D9C2D1}.Debug|Any CPU.ActiveCfg = Debug|Any CPU
		{7051BA39-6118-4E33-B59A-B48D85D9C2D1}.Debug|Any CPU.Build.0 = Debug|Any CPU
		{7051BA39-6118-4E33-B59A-B48D85D9C2D1}.Release|Any CPU.ActiveCfg = Release|Any CPU
		{7051BA39-6118-4E33-B59A-B48D85D9C2D1}.Release|Any CPU.Build.0 = Release|Any CPU
		{B61FBCB4-CB5E-42E6-AEB8-FE71394AF49E}.Debug|Any CPU.ActiveCfg = Debug|Any CPU
		{B61FBCB4-CB5E-42E6-AEB8-FE71394AF49E}.Debug|Any CPU.Build.0 = Debug|Any CPU
		{B61FBCB4-CB5E-42E6-AEB8-FE71394AF49E}.Release|Any CPU.ActiveCfg = Release|Any CPU
		{B61FBCB4-CB5E-42E6-AEB8-FE71394AF49E}.Release|Any CPU.Build.0 = Release|Any CPU
		{3CB10AEF-16B1-49B3-968A-F64E6DE614F1}.Debug|Any CPU.ActiveCfg = Debug|Any CPU
		{3CB10AEF-16B1-49B3-968A-F64E6DE614F1}.Debug|Any CPU.Build.0 = Debug|Any CPU
		{3CB10AEF-16B1-49B3-968A-F64E6DE614F1}.Release|Any CPU.ActiveCfg = Release|Any CPU
		{3CB10AEF-16B1-49B3-968A-F64E6DE614F1}.Release|Any CPU.Build.0 = Release|Any CPU
	EndGlobalSection
	GlobalSection(SolutionProperties) = preSolution
		HideSolutionNode = FALSE
	EndGlobalSection
	GlobalSection(NestedProjects) = preSolution
		{EF14C844-CEF8-4434-8E05-A43D71C78F39} = {2BA917FE-C291-4069-8E9E-B72452826EF0}
		{0CDF3FA0-9C9A-4FBF-925E-A1EFF01A8C3B} = {2BA917FE-C291-4069-8E9E-B72452826EF0}
		{BDFA4EBC-150D-4771-B13E-F287CFAD9E50} = {35C77D9A-A40C-4B63-A996-B5684FE50E01}
		{A907177C-5A49-4DAD-AA31-0D75C582A919} = {46395E52-BFA9-4494-8EA0-91FF5217EBC9}
		{ACB9FF5D-29A9-4706-B310-2FE8669DC6BE} = {46395E52-BFA9-4494-8EA0-91FF5217EBC9}
		{B5B45935-C903-4088-8C08-69E34DBCBF7A} = {46395E52-BFA9-4494-8EA0-91FF5217EBC9}
		{99DB762D-85B4-48AA-84A0-37AB2B569519} = {2BA917FE-C291-4069-8E9E-B72452826EF0}
		{E1A1536C-DABA-4746-91A9-5D491907C61B} = {2BA917FE-C291-4069-8E9E-B72452826EF0}
		{21CBD7ED-A485-4834-9359-9226BEB4AA28} = {C7671538-88CB-46EF-AB09-B44CD32B22CA}
		{C8A9A871-692D-4981-8C4E-16AA43494F92} = {C7671538-88CB-46EF-AB09-B44CD32B22CA}
		{D4AA3864-5C42-49E0-8960-AA66847EFC71} = {352817C6-F7A1-4F43-8647-2CE8372B7595}
		{7051BA39-6118-4E33-B59A-B48D85D9C2D1} = {C7671538-88CB-46EF-AB09-B44CD32B22CA}
		{B61FBCB4-CB5E-42E6-AEB8-FE71394AF49E} = {46395E52-BFA9-4494-8EA0-91FF5217EBC9}
		{3CB10AEF-16B1-49B3-968A-F64E6DE614F1} = {93358A1E-D5AF-4B73-9358-4998864332F6}
	EndGlobalSection
	GlobalSection(ExtensibilityGlobals) = postSolution
		SolutionGuid = {64E118D0-8E3B-4902-AFBF-296BB0F7D329}
	EndGlobalSection
EndGlobal
